dependencies:
- name: mongodb
  repository: https://charts.bitnami.com/bitnami
  version: 16.4.3
- name: redis
  repository: https://charts.bitnami.com/bitnami
  version: 20.7.1
digest: sha256:b2bee1fd50dc97c1783929340c433209819d0dfe76d4808cd16e3845e44aa803
generated: "2025-02-16T19:40:41.285398269Z"
